# This file is automatically @generated by Cargo.
# It is not intended for manual editing.
[[package]]
name = "muncher"
version = "0.6.1"
source = "registry+https://github.com/rust-lang/crates.io-index"
checksum = "f0aeee23e39d46940d01b843da99d6e26fb8b3659e33f3c48272aef45d978671"

[[package]]
name = "wscalc"
version = "0.1.0"
dependencies = [
 "muncher",
]
